
Microsoft Visual Studio Solution File, Format Version 12.00
# Visual Studio Version 17
VisualStudioVersion = 17.7.33808.371
MinimumVisualStudioVersion = 10.0.40219.1
Project("{9A19103F-16F7-4668-BE54-9A1E7A4F7556}") = "MyLife.Services.Functions", "MyLife.Services.Functions\MyLife.Services.Functions.csproj", "{3ED94F27-F590-4887-B90F-9BCE9B6FA55D}"
EndProject
Project("{9A19103F-16F7-4668-BE54-9A1E7A4F7556}") = "MyLife.Services.Shared", "MyLife.Services.Shared\MyLife.Services.Shared.csproj", "{F22E24F7-AFF3-45BE-83EE-AE48DFF2086D}"
EndProject
Project("{9A19103F-16F7-4668-BE54-9A1E7A4F7556}") = "MyLife.Services.API", "MyLife.Services.API\MyLife.Services.API.csproj", "{5111EBB1-655B-40A5-AA39-6561BEB32BEE}"
EndProject
Global
	GlobalSection(SolutionConfigurationPlatforms) = preSolution
		Debug|Any CPU = Debug|Any CPU
		Release|Any CPU = Release|Any CPU
	EndGlobalSection
	GlobalSection(ProjectConfigurationPlatforms) = postSolution
		{3ED94F27-F590-4887-B90F-9BCE9B6FA55D}.Debug|Any CPU.ActiveCfg = Debug|Any CPU
		{3ED94F27-F590-4887-B90F-9BCE9B6FA55D}.Debug|Any CPU.Build.0 = Debug|Any CPU
		{3ED94F27-F590-4887-B90F-9BCE9B6FA55D}.Release|Any CPU.ActiveCfg = Release|Any CPU
		{3ED94F27-F590-4887-B90F-9BCE9B6FA55D}.Release|Any CPU.Build.0 = Release|Any CPU
		{F22E24F7-AFF3-45BE-83EE-AE48DFF2086D}.Debug|Any CPU.ActiveCfg = Debug|Any CPU
		{F22E24F7-AFF3-45BE-83EE-AE48DFF2086D}.Debug|Any CPU.Build.0 = Debug|Any CPU
		{F22E24F7-AFF3-45BE-83EE-AE48DFF2086D}.Release|Any CPU.ActiveCfg = Release|Any CPU
		{F22E24F7-AFF3-45BE-83EE-AE48DFF2086D}.Release|Any CPU.Build.0 = Release|Any CPU
		{5111EBB1-655B-40A5-AA39-6561BEB32BEE}.Debug|Any CPU.ActiveCfg = Debug|Any CPU
		{5111EBB1-655B-40A5-AA39-6561BEB32BEE}.Debug|Any CPU.Build.0 = Debug|Any CPU
		{5111EBB1-655B-40A5-AA39-6561BEB32BEE}.Release|Any CPU.ActiveCfg = Release|Any CPU
		{5111EBB1-655B-40A5-AA39-6561BEB32BEE}.Release|Any CPU.Build.0 = Release|Any CPU
	EndGlobalSection
	GlobalSection(SolutionProperties) = preSolution
		HideSolutionNode = FALSE
	EndGlobalSection
	GlobalSection(ExtensibilityGlobals) = postSolution
		SolutionGuid = {19185F5E-FB79-48DB-8922-0421068D7A70}
	EndGlobalSection
EndGlobal
